
Microsoft Visual Studio Solution File, Format Version 12.00
# Visual Studio Version 17
VisualStudioVersion = 17.4.33122.133
MinimumVisualStudioVersion = 10.0.40219.1
Project("{9A19103F-16F7-4668-BE54-9A1E7A4F7556}") = "BlazorChat.Api", "src\Server\BlazorChat.Api\BlazorChat.Api.csproj", "{FD2EE13D-B726-4484-BD34-023C88CEA9C3}"
EndProject
Project("{9A19103F-16F7-4668-BE54-9A1E7A4F7556}") = "BlazorChat.DAL", "src\Server\BlazorChat.DAL\BlazorChat.DAL.csproj", "{D41A8D0C-649B-4BF1-8781-7F687A33D193}"
EndProject
Project("{9A19103F-16F7-4668-BE54-9A1E7A4F7556}") = "BlazorChat.BLL", "src\Server\BlazorChat.BLL\BlazorChat.BLL.csproj", "{0B6B7E49-1C5D-4B3F-8E13-7159A7C602D6}"
EndProject
Project("{2150E333-8FDC-42A3-9474-1A3956D46DE8}") = "src", "src", "{908538F4-678F-4A94-83F5-BF760A2F02D4}"
EndProject
Project("{2150E333-8FDC-42A3-9474-1A3956D46DE8}") = "server", "server", "{094C129A-8D83-49E1-B58D-C141550537B1}"
EndProject
Project("{2150E333-8FDC-42A3-9474-1A3956D46DE8}") = "Client", "Client", "{DE3F4BA4-EE03-4F5E-8AA4-B21D36C53C37}"
EndProject
Global
	GlobalSection(SolutionConfigurationPlatforms) = preSolution
		Debug|Any CPU = Debug|Any CPU
		Release|Any CPU = Release|Any CPU
	EndGlobalSection
	GlobalSection(ProjectConfigurationPlatforms) = postSolution
		{FD2EE13D-B726-4484-BD34-023C88CEA9C3}.Debug|Any CPU.ActiveCfg = Debug|Any CPU
		{FD2EE13D-B726-4484-BD34-023C88CEA9C3}.Debug|Any CPU.Build.0 = Debug|Any CPU
		{FD2EE13D-B726-4484-BD34-023C88CEA9C3}.Release|Any CPU.ActiveCfg = Release|Any CPU
		{FD2EE13D-B726-4484-BD34-023C88CEA9C3}.Release|Any CPU.Build.0 = Release|Any CPU
		{D41A8D0C-649B-4BF1-8781-7F687A33D193}.Debug|Any CPU.ActiveCfg = Debug|Any CPU
		{D41A8D0C-649B-4BF1-8781-7F687A33D193}.Debug|Any CPU.Build.0 = Debug|Any CPU
		{D41A8D0C-649B-4BF1-8781-7F687A33D193}.Release|Any CPU.ActiveCfg = Release|Any CPU
		{D41A8D0C-649B-4BF1-8781-7F687A33D193}.Release|Any CPU.Build.0 = Release|Any CPU
		{0B6B7E49-1C5D-4B3F-8E13-7159A7C602D6}.Debug|Any CPU.ActiveCfg = Debug|Any CPU
		{0B6B7E49-1C5D-4B3F-8E13-7159A7C602D6}.Debug|Any CPU.Build.0 = Debug|Any CPU
		{0B6B7E49-1C5D-4B3F-8E13-7159A7C602D6}.Release|Any CPU.ActiveCfg = Release|Any CPU
		{0B6B7E49-1C5D-4B3F-8E13-7159A7C602D6}.Release|Any CPU.Build.0 = Release|Any CPU
	EndGlobalSection
	GlobalSection(SolutionProperties) = preSolution
		HideSolutionNode = FALSE
	EndGlobalSection
	GlobalSection(NestedProjects) = preSolution
		{FD2EE13D-B726-4484-BD34-023C88CEA9C3} = {094C129A-8D83-49E1-B58D-C141550537B1}
		{D41A8D0C-649B-4BF1-8781-7F687A33D193} = {094C129A-8D83-49E1-B58D-C141550537B1}
		{0B6B7E49-1C5D-4B3F-8E13-7159A7C602D6} = {094C129A-8D83-49E1-B58D-C141550537B1}
		{094C129A-8D83-49E1-B58D-C141550537B1} = {908538F4-678F-4A94-83F5-BF760A2F02D4}
		{DE3F4BA4-EE03-4F5E-8AA4-B21D36C53C37} = {908538F4-678F-4A94-83F5-BF760A2F02D4}
	EndGlobalSection
	GlobalSection(ExtensibilityGlobals) = postSolution
		SolutionGuid = {7A396B46-F84F-4A17-AB48-DCFA4B9A7142}
	EndGlobalSection
EndGlobal
