
Microsoft Visual Studio Solution File, Format Version 12.00
# Visual Studio Version 17
VisualStudioVersion = 17.4.33122.133
MinimumVisualStudioVersion = 10.0.40219.1
Project("{9A19103F-16F7-4668-BE54-9A1E7A4F7556}") = "BlazorChat.Api", "BlazorChat.Api\BlazorChat.Api.csproj", "{FD2EE13D-B726-4484-BD34-023C88CEA9C3}"
EndProject
Project("{9A19103F-16F7-4668-BE54-9A1E7A4F7556}") = "BlazorChat.DAL", "BlazorChat.DAL\BlazorChat.DAL.csproj", "{D41A8D0C-649B-4BF1-8781-7F687A33D193}"
EndProject
Project("{FAE04EC0-301F-11D3-BF4B-00C04F79EFBC}") = "BlazorChat.BLL", "BlazorChat.BLL\BlazorChat.BLL.csproj", "{0B6B7E49-1C5D-4B3F-8E13-7159A7C602D6}"
EndProject
Global
	GlobalSection(SolutionConfigurationPlatforms) = preSolution
		Debug|Any CPU = Debug|Any CPU
		Release|Any CPU = Release|Any CPU
	EndGlobalSection
	GlobalSection(ProjectConfigurationPlatforms) = postSolution
		{FD2EE13D-B726-4484-BD34-023C88CEA9C3}.Debug|Any CPU.ActiveCfg = Debug|Any CPU
		{FD2EE13D-B726-4484-BD34-023C88CEA9C3}.Debug|Any CPU.Build.0 = Debug|Any CPU
		{FD2EE13D-B726-4484-BD34-023C88CEA9C3}.Release|Any CPU.ActiveCfg = Release|Any CPU
		{FD2EE13D-B726-4484-BD34-023C88CEA9C3}.Release|Any CPU.Build.0 = Release|Any CPU
		{D41A8D0C-649B-4BF1-8781-7F687A33D193}.Debug|Any CPU.ActiveCfg = Debug|Any CPU
		{D41A8D0C-649B-4BF1-8781-7F687A33D193}.Debug|Any CPU.Build.0 = Debug|Any CPU
		{D41A8D0C-649B-4BF1-8781-7F687A33D193}.Release|Any CPU.ActiveCfg = Release|Any CPU
		{D41A8D0C-649B-4BF1-8781-7F687A33D193}.Release|Any CPU.Build.0 = Release|Any CPU
		{0B6B7E49-1C5D-4B3F-8E13-7159A7C602D6}.Debug|Any CPU.ActiveCfg = Debug|Any CPU
		{0B6B7E49-1C5D-4B3F-8E13-7159A7C602D6}.Debug|Any CPU.Build.0 = Debug|Any CPU
		{0B6B7E49-1C5D-4B3F-8E13-7159A7C602D6}.Release|Any CPU.ActiveCfg = Release|Any CPU
		{0B6B7E49-1C5D-4B3F-8E13-7159A7C602D6}.Release|Any CPU.Build.0 = Release|Any CPU
	EndGlobalSection
	GlobalSection(SolutionProperties) = preSolution
		HideSolutionNode = FALSE
	EndGlobalSection
	GlobalSection(ExtensibilityGlobals) = postSolution
		SolutionGuid = {7A396B46-F84F-4A17-AB48-DCFA4B9A7142}
	EndGlobalSection
EndGlobal
